
Microsoft Visual Studio Solution File, Format Version 12.00
Project("{FAE04EC0-301F-11D3-BF4B-00C04F79EFBC}") = "rabbitmq_example", "rabbitmq_example\rabbitmq_example.csproj", "{B45DAF89-BFEA-41D8-941D-59635C534BBD}"
EndProject
Project("{FAE04EC0-301F-11D3-BF4B-00C04F79EFBC}") = "rabbitmq_consumer", "rabbitmq_consumer\rabbitmq_consumer.csproj", "{F3843FCF-7218-4910-B8C3-B8B2FB846643}"
EndProject
Global
	GlobalSection(SolutionConfigurationPlatforms) = preSolution
		Debug|Any CPU = Debug|Any CPU
		Release|Any CPU = Release|Any CPU
	EndGlobalSection
	GlobalSection(ProjectConfigurationPlatforms) = postSolution
		{B45DAF89-BFEA-41D8-941D-59635C534BBD}.Debug|Any CPU.ActiveCfg = Debug|Any CPU
		{B45DAF89-BFEA-41D8-941D-59635C534BBD}.Debug|Any CPU.Build.0 = Debug|Any CPU
		{B45DAF89-BFEA-41D8-941D-59635C534BBD}.Release|Any CPU.ActiveCfg = Release|Any CPU
		{B45DAF89-BFEA-41D8-941D-59635C534BBD}.Release|Any CPU.Build.0 = Release|Any CPU
		{F3843FCF-7218-4910-B8C3-B8B2FB846643}.Debug|Any CPU.ActiveCfg = Debug|Any CPU
		{F3843FCF-7218-4910-B8C3-B8B2FB846643}.Debug|Any CPU.Build.0 = Debug|Any CPU
		{F3843FCF-7218-4910-B8C3-B8B2FB846643}.Release|Any CPU.ActiveCfg = Release|Any CPU
		{F3843FCF-7218-4910-B8C3-B8B2FB846643}.Release|Any CPU.Build.0 = Release|Any CPU
	EndGlobalSection
EndGlobal
